
Microsoft Visual Studio Solution File, Format Version 12.00
Project("{2150E333-8FDC-42A3-9474-1A3956D46DE8}") = "doc", "doc", "{61C458DA-EE1C-46AD-B679-5D1462E6CDC5}"
EndProject
Project("{2150E333-8FDC-42A3-9474-1A3956D46DE8}") = "src", "src", "{3BA88E24-1F00-4D5C-901A-028B8BCBCD48}"
EndProject
Project("{2150E333-8FDC-42A3-9474-1A3956D46DE8}") = "tests", "tests", "{8F579059-D910-40EC-9E77-9A4822563558}"
EndProject
Project("{2150E333-8FDC-42A3-9474-1A3956D46DE8}") = "Api", "Api", "{94DF61BF-FA8B-40AD-8A12-C6AED9055145}"
EndProject
Project("{2150E333-8FDC-42A3-9474-1A3956D46DE8}") = "Core", "Core", "{BE33553E-3C97-4C47-A41F-EDECD4169335}"
EndProject
Project("{2150E333-8FDC-42A3-9474-1A3956D46DE8}") = "Infrastructure", "Infrastructure", "{08E5CE84-DBAE-4537-9C61-17D2FFD944F7}"
EndProject
Project("{FAE04EC0-301F-11D3-BF4B-00C04F79EFBC}") = "FitShirt.Infrastructure", "FitShirt.Infrastructure\FitShirt.Infrastructure.csproj", "{0B3A8F6E-022B-4485-B28A-5B0D4324E08C}"
EndProject
Project("{FAE04EC0-301F-11D3-BF4B-00C04F79EFBC}") = "FitShirt.Domain", "FitShirt.Domain\FitShirt.Domain.csproj", "{A942B1E9-108F-47C0-9B9D-236922AF8478}"
EndProject
Project("{FAE04EC0-301F-11D3-BF4B-00C04F79EFBC}") = "FitShirt.Application", "FitShirt.Application\FitShirt.Application.csproj", "{A93797DF-4AA1-4CCD-811B-EB7F7B868050}"
EndProject
Project("{FAE04EC0-301F-11D3-BF4B-00C04F79EFBC}") = "FitShirt.Presentation", "FitShirt.Presentation\FitShirt.Presentation.csproj", "{572926AD-4ABA-43C8-964A-5E4025AD3A33}"
EndProject
Project("{2150E333-8FDC-42A3-9474-1A3956D46DE8}") = "Api", "Api", "{C882FBCD-160A-4899-8DAB-D9F94ADD9787}"
EndProject
Project("{2150E333-8FDC-42A3-9474-1A3956D46DE8}") = "Core", "Core", "{85ADCCEB-2D3F-44A5-BC6E-7970236DD6FB}"
EndProject
Project("{FAE04EC0-301F-11D3-BF4B-00C04F79EFBC}") = "FitShirt.Presentation.Test", "FitShirt.Presentation.Test\FitShirt.Presentation.Test.csproj", "{90A03A21-B307-4CB1-964D-E2F5E91C03B8}"
EndProject
Project("{FAE04EC0-301F-11D3-BF4B-00C04F79EFBC}") = "FitShirt.Application.Test", "FitShirt.Application.Test\FitShirt.Application.Test.csproj", "{93477EE9-0D7E-4FB8-A35A-11158DD15CBF}"
EndProject
Project("{2150E333-8FDC-42A3-9474-1A3956D46DE8}") = "acceptance", "acceptance", "{5E4AF52C-D282-4F16-AFD6-82AADF661AE9}"
EndProject
Project("{2150E333-8FDC-42A3-9474-1A3956D46DE8}") = "features", "features", "{DCF72A92-9230-4815-ACA0-7C8BD005AF03}"
EndProject
Project("{2150E333-8FDC-42A3-9474-1A3956D46DE8}") = "cliente", "cliente", "{A25D0778-5F57-479B-8D76-909B521E688A}"
EndProject
Global
	GlobalSection(SolutionConfigurationPlatforms) = preSolution
		Debug|Any CPU = Debug|Any CPU
		Release|Any CPU = Release|Any CPU
	EndGlobalSection
	GlobalSection(NestedProjects) = preSolution
		{94DF61BF-FA8B-40AD-8A12-C6AED9055145} = {3BA88E24-1F00-4D5C-901A-028B8BCBCD48}
		{BE33553E-3C97-4C47-A41F-EDECD4169335} = {3BA88E24-1F00-4D5C-901A-028B8BCBCD48}
		{08E5CE84-DBAE-4537-9C61-17D2FFD944F7} = {3BA88E24-1F00-4D5C-901A-028B8BCBCD48}
		{0B3A8F6E-022B-4485-B28A-5B0D4324E08C} = {08E5CE84-DBAE-4537-9C61-17D2FFD944F7}
		{A942B1E9-108F-47C0-9B9D-236922AF8478} = {BE33553E-3C97-4C47-A41F-EDECD4169335}
		{A93797DF-4AA1-4CCD-811B-EB7F7B868050} = {BE33553E-3C97-4C47-A41F-EDECD4169335}
		{572926AD-4ABA-43C8-964A-5E4025AD3A33} = {94DF61BF-FA8B-40AD-8A12-C6AED9055145}
		{C882FBCD-160A-4899-8DAB-D9F94ADD9787} = {8F579059-D910-40EC-9E77-9A4822563558}
		{85ADCCEB-2D3F-44A5-BC6E-7970236DD6FB} = {8F579059-D910-40EC-9E77-9A4822563558}
		{90A03A21-B307-4CB1-964D-E2F5E91C03B8} = {C882FBCD-160A-4899-8DAB-D9F94ADD9787}
		{93477EE9-0D7E-4FB8-A35A-11158DD15CBF} = {85ADCCEB-2D3F-44A5-BC6E-7970236DD6FB}
		{5E4AF52C-D282-4F16-AFD6-82AADF661AE9} = {8F579059-D910-40EC-9E77-9A4822563558}
		{DCF72A92-9230-4815-ACA0-7C8BD005AF03} = {5E4AF52C-D282-4F16-AFD6-82AADF661AE9}
		{A25D0778-5F57-479B-8D76-909B521E688A} = {DCF72A92-9230-4815-ACA0-7C8BD005AF03}
	EndGlobalSection
	GlobalSection(ProjectConfigurationPlatforms) = postSolution
		{0B3A8F6E-022B-4485-B28A-5B0D4324E08C}.Debug|Any CPU.ActiveCfg = Debug|Any CPU
		{0B3A8F6E-022B-4485-B28A-5B0D4324E08C}.Debug|Any CPU.Build.0 = Debug|Any CPU
		{0B3A8F6E-022B-4485-B28A-5B0D4324E08C}.Release|Any CPU.ActiveCfg = Release|Any CPU
		{0B3A8F6E-022B-4485-B28A-5B0D4324E08C}.Release|Any CPU.Build.0 = Release|Any CPU
		{A942B1E9-108F-47C0-9B9D-236922AF8478}.Debug|Any CPU.ActiveCfg = Debug|Any CPU
		{A942B1E9-108F-47C0-9B9D-236922AF8478}.Debug|Any CPU.Build.0 = Debug|Any CPU
		{A942B1E9-108F-47C0-9B9D-236922AF8478}.Release|Any CPU.ActiveCfg = Release|Any CPU
		{A942B1E9-108F-47C0-9B9D-236922AF8478}.Release|Any CPU.Build.0 = Release|Any CPU
		{A93797DF-4AA1-4CCD-811B-EB7F7B868050}.Debug|Any CPU.ActiveCfg = Debug|Any CPU
		{A93797DF-4AA1-4CCD-811B-EB7F7B868050}.Debug|Any CPU.Build.0 = Debug|Any CPU
		{A93797DF-4AA1-4CCD-811B-EB7F7B868050}.Release|Any CPU.ActiveCfg = Release|Any CPU
		{A93797DF-4AA1-4CCD-811B-EB7F7B868050}.Release|Any CPU.Build.0 = Release|Any CPU
		{572926AD-4ABA-43C8-964A-5E4025AD3A33}.Debug|Any CPU.ActiveCfg = Debug|Any CPU
		{572926AD-4ABA-43C8-964A-5E4025AD3A33}.Debug|Any CPU.Build.0 = Debug|Any CPU
		{572926AD-4ABA-43C8-964A-5E4025AD3A33}.Release|Any CPU.ActiveCfg = Release|Any CPU
		{572926AD-4ABA-43C8-964A-5E4025AD3A33}.Release|Any CPU.Build.0 = Release|Any CPU
		{90A03A21-B307-4CB1-964D-E2F5E91C03B8}.Debug|Any CPU.ActiveCfg = Debug|Any CPU
		{90A03A21-B307-4CB1-964D-E2F5E91C03B8}.Debug|Any CPU.Build.0 = Debug|Any CPU
		{90A03A21-B307-4CB1-964D-E2F5E91C03B8}.Release|Any CPU.ActiveCfg = Release|Any CPU
		{90A03A21-B307-4CB1-964D-E2F5E91C03B8}.Release|Any CPU.Build.0 = Release|Any CPU
		{93477EE9-0D7E-4FB8-A35A-11158DD15CBF}.Debug|Any CPU.ActiveCfg = Debug|Any CPU
		{93477EE9-0D7E-4FB8-A35A-11158DD15CBF}.Debug|Any CPU.Build.0 = Debug|Any CPU
		{93477EE9-0D7E-4FB8-A35A-11158DD15CBF}.Release|Any CPU.ActiveCfg = Release|Any CPU
		{93477EE9-0D7E-4FB8-A35A-11158DD15CBF}.Release|Any CPU.Build.0 = Release|Any CPU
	EndGlobalSection
EndGlobal
